
Microsoft Visual Studio Solution File, Format Version 12.00
# Visual Studio Version 17
VisualStudioVersion = 17.5.33627.172
MinimumVisualStudioVersion = 10.0.40219.1
Project("{8BC9CEB8-8B4A-11D0-8D11-00A0C91BC942}") = "Guess the number", "Guess the number\Guess the number.vcxproj", "{FCF6DB9E-3B7B-4A16-AAE3-147AD9D750F4}"
EndProject
Global
	GlobalSection(SolutionConfigurationPlatforms) = preSolution
		Debug|x64 = Debug|x64
		Debug|x86 = Debug|x86
		Release|x64 = Release|x64
		Release|x86 = Release|x86
	EndGlobalSection
	GlobalSection(ProjectConfigurationPlatforms) = postSolution
		{FCF6DB9E-3B7B-4A16-AAE3-147AD9D750F4}.Debug|x64.ActiveCfg = Debug|x64
		{FCF6DB9E-3B7B-4A16-AAE3-147AD9D750F4}.Debug|x64.Build.0 = Debug|x64
		{FCF6DB9E-3B7B-4A16-AAE3-147AD9D750F4}.Debug|x86.ActiveCfg = Debug|Win32
		{FCF6DB9E-3B7B-4A16-AAE3-147AD9D750F4}.Debug|x86.Build.0 = Debug|Win32
		{FCF6DB9E-3B7B-4A16-AAE3-147AD9D750F4}.Release|x64.ActiveCfg = Release|x64
		{FCF6DB9E-3B7B-4A16-AAE3-147AD9D750F4}.Release|x64.Build.0 = Release|x64
		{FCF6DB9E-3B7B-4A16-AAE3-147AD9D750F4}.Release|x86.ActiveCfg = Release|Win32
		{FCF6DB9E-3B7B-4A16-AAE3-147AD9D750F4}.Release|x86.Build.0 = Release|Win32
	EndGlobalSection
	GlobalSection(SolutionProperties) = preSolution
		HideSolutionNode = FALSE
	EndGlobalSection
	GlobalSection(ExtensibilityGlobals) = postSolution
		SolutionGuid = {F7A5708C-A43D-41BF-AA9C-9D567EF72A5F}
	EndGlobalSection
EndGlobal
